{
  "name": "Sushi.MediaKiwi2",
  "lockfileVersion": 3,
  "requires": true,
  "packages": {
    "node_modules/@supershift/mediakiwi-azure-function": {
      "resolved": "src/Sushi.MediaKiwi.AzureFunction",
      "link": true
    },
    "node_modules/@supershift/mediakiwi-vue": {
      "resolved": "src/Sushi.MediaKiwi.Vue",
      "link": true
    }
  }
}
